# DO NOT EDIT MANUALLY - Managed by Fern Replay
version: "1.0"
generations:
  - commit_sha: 5a2791ea1437949f7e344d4b2b3b86fb9c216770
    tree_hash: 87659130c002de1fc9e3c132429060e3f39abddb
    timestamp: 2026-05-20T15:33:52.518Z
    cli_version: unknown
    generator_versions: {}
  - commit_sha: 31e8d004ec9beda3547ef34d9a323f1e790d9a9f
    tree_hash: 09e8fe91b54dd10ce2ef78614d1d5fe800f4df98
    timestamp: 2026-07-14T16:58:36.248Z
    cli_version: unknown
    generator_versions:
      fernapi/fern-csharp-sdk: 2.13.0
  - commit_sha: 95fb2acb0a6e0331519924147bf767201f53e0c4
    tree_hash: 721f34833a0d72538e2d09c4135862c56c85d591
    timestamp: 2026-08-04T18:05:59.059Z
    cli_version: unknown
    generator_versions:
      fernapi/fern-csharp-sdk: 2.13.0
current_generation: 95fb2acb0a6e0331519924147bf767201f53e0c4
patches: []
