# DO NOT EDIT MANUALLY - Managed by Fern Replay
version: "1.0"
generations:
  - commit_sha: 5a2791ea1437949f7e344d4b2b3b86fb9c216770
    tree_hash: 87659130c002de1fc9e3c132429060e3f39abddb
    timestamp: 2026-05-20T15:33:52.518Z
    cli_version: unknown
    generator_versions: {}
current_generation: 5a2791ea1437949f7e344d4b2b3b86fb9c216770
patches: []
