Microsoft Visual Studio Solution File, Format Version 12.00
# Visual Studio 15
VisualStudioVersion = 15.0.26430.14
MinimumVisualStudioVersion = 10.0.40219.1
Project("{FAE04EC0-301F-11D3-BF4B-00C04F79EFBC}") = "Square", "Square/Square.csproj", "{2d2e0060-1635-4aa4-ae7f-3def62e80f40}"
EndProject
Project("{FAE04EC0-301F-11D3-BF4B-00C04F79EFBC}") = "Square.Tests", "Square.Tests/Square.Tests.csproj", "{0367a641-7230-471e-a60e-a147a2802248}"
EndProject
Global
    GlobalSection(SolutionConfigurationPlatforms) = preSolution
        Debug|Any CPU = Debug|Any CPU
        Release|Any CPU = Release|Any CPU
    EndGlobalSection
    GlobalSection(ProjectConfigurationPlatforms) = postSolution
        {2d2e0060-1635-4aa4-ae7f-3def62e80f40}.Debug|Any CPU.ActiveCfg = Debug|Any CPU
        {2d2e0060-1635-4aa4-ae7f-3def62e80f40}.Debug|Any CPU.Build.0 = Debug|Any CPU
        {2d2e0060-1635-4aa4-ae7f-3def62e80f40}.Release|Any CPU.ActiveCfg = Release|Any CPU
        {2d2e0060-1635-4aa4-ae7f-3def62e80f40}.Release|Any CPU.Build.0 = Release|Any CPU
        {0367a641-7230-471e-a60e-a147a2802248}.Debug|Any CPU.ActiveCfg = Debug|Any CPU
        {0367a641-7230-471e-a60e-a147a2802248}.Debug|Any CPU.Build.0 = Debug|Any CPU
        {0367a641-7230-471e-a60e-a147a2802248}.Release|Any CPU.ActiveCfg = Release|Any CPU
        {0367a641-7230-471e-a60e-a147a2802248}.Release|Any CPU.Build.0 = Release|Any CPU
    EndGlobalSection
    GlobalSection(SolutionProperties) = preSolution
        HideSolutionNode = FALSE
    EndGlobalSection
EndGlobal
