
Microsoft Visual Studio Solution File, Format Version 12.00
# Visual Studio Version 17
VisualStudioVersion = 17.0.31903.59
MinimumVisualStudioVersion = 10.0.40219.1
Project("{FAE04EC0-301F-11D3-BF4B-00C04F79EFBC}") = "Square", "Square\Square.csproj", "{5BB03869-3BE9-4360-942C-7AC7AAA7EDDD}"
EndProject
Project("{FAE04EC0-301F-11D3-BF4B-00C04F79EFBC}") = "Square.Test", "Square.Test\Square.Test.csproj", "{CF0345D5-2D8B-4A23-A67D-B43364CB3DEF}"
EndProject
Global
	GlobalSection(SolutionConfigurationPlatforms) = preSolution
		Debug|Any CPU = Debug|Any CPU
		Release|Any CPU = Release|Any CPU
	EndGlobalSection
	GlobalSection(SolutionProperties) = preSolution
		HideSolutionNode = FALSE
	EndGlobalSection
	GlobalSection(ProjectConfigurationPlatforms) = postSolution
		{5BB03869-3BE9-4360-942C-7AC7AAA7EDDD}.Debug|Any CPU.ActiveCfg = Debug|Any CPU
		{5BB03869-3BE9-4360-942C-7AC7AAA7EDDD}.Debug|Any CPU.Build.0 = Debug|Any CPU
		{5BB03869-3BE9-4360-942C-7AC7AAA7EDDD}.Release|Any CPU.ActiveCfg = Release|Any CPU
		{5BB03869-3BE9-4360-942C-7AC7AAA7EDDD}.Release|Any CPU.Build.0 = Release|Any CPU
		{CF0345D5-2D8B-4A23-A67D-B43364CB3DEF}.Debug|Any CPU.ActiveCfg = Debug|Any CPU
		{CF0345D5-2D8B-4A23-A67D-B43364CB3DEF}.Debug|Any CPU.Build.0 = Debug|Any CPU
		{CF0345D5-2D8B-4A23-A67D-B43364CB3DEF}.Release|Any CPU.ActiveCfg = Release|Any CPU
		{CF0345D5-2D8B-4A23-A67D-B43364CB3DEF}.Release|Any CPU.Build.0 = Release|Any CPU
	EndGlobalSection
EndGlobal
